// !$*UTF8*$!
{
	archiveVersion = 1;
	classes = {
	};
	objectVersion = 56;
	objects = {

/* Begin PBXBuildFile section */
		81671DB629E9D0AC00F5FB5B /* Random_JokesApp.swift in Sources */ = {isa = PBXBuildFile; fileRef = 81671DB529E9D0AC00F5FB5B /* Random_JokesApp.swift */; };
		81671DBA29E9D0AE00F5FB5B /* Assets.xcassets in Resources */ = {isa = PBXBuildFile; fileRef = 81671DB929E9D0AE00F5FB5B /* Assets.xcassets */; };
		81671DBD29E9D0AE00F5FB5B /* Preview Assets.xcassets in Resources */ = {isa = PBXBuildFile; fileRef = 81671DBC29E9D0AE00F5FB5B /* Preview Assets.xcassets */; };
		81671DC429E9D1B500F5FB5B /* JokeView.swift in Sources */ = {isa = PBXBuildFile; fileRef = 81671DC329E9D1B500F5FB5B /* JokeView.swift */; };
		81671DC829E9D4C000F5FB5B /* Joke.swift in Sources */ = {isa = PBXBuildFile; fileRef = 81671DC729E9D4C000F5FB5B /* Joke.swift */; };
		81671DCB29E9D5C200F5FB5B /* NetWorkService.swift in Sources */ = {isa = PBXBuildFile; fileRef = 81671DCA29E9D5C200F5FB5B /* NetWorkService.swift */; };
		81671DF129EEC7A200F5FB5B /* Blackbird in Frameworks */ = {isa = PBXBuildFile; productRef = 81671DF029EEC7A200F5FB5B /* Blackbird */; };
		81671DF329EECA0300F5FB5B /* db.sqlite in Resources */ = {isa = PBXBuildFile; fileRef = 81671DF229EECA0300F5FB5B /* db.sqlite */; };
		81671DF629EECB5A00F5FB5B /* AppDatabase.swift in Sources */ = {isa = PBXBuildFile; fileRef = 81671DF529EECB5A00F5FB5B /* AppDatabase.swift */; };
		81671DF829EECD5D00F5FB5B /* FavouritesView.swift in Sources */ = {isa = PBXBuildFile; fileRef = 81671DF729EECD5D00F5FB5B /* FavouritesView.swift */; };
/* End PBXBuildFile section */

/* Begin PBXFileReference section */
		81671DB229E9D0AC00F5FB5B /* Random Jokes.app */ = {isa = PBXFileReference; explicitFileType = wrapper.application; includeInIndex = 0; path = "Random Jokes.app"; sourceTree = BUILT_PRODUCTS_DIR; };
		81671DB529E9D0AC00F5FB5B /* Random_JokesApp.swift */ = {isa = PBXFileReference; lastKnownFileType = sourcecode.swift; path = Random_JokesApp.swift; sourceTree = "<group>"; };
		81671DB929E9D0AE00F5FB5B /* Assets.xcassets */ = {isa = PBXFileReference; lastKnownFileType = folder.assetcatalog; path = Assets.xcassets; sourceTree = "<group>"; };
		81671DBC29E9D0AE00F5FB5B /* Preview Assets.xcassets */ = {isa = PBXFileReference; lastKnownFileType = folder.assetcatalog; path = "Preview Assets.xcassets"; sourceTree = "<group>"; };
		81671DC329E9D1B500F5FB5B /* JokeView.swift */ = {isa = PBXFileReference; lastKnownFileType = sourcecode.swift; path = JokeView.swift; sourceTree = "<group>"; };
		81671DC729E9D4C000F5FB5B /* Joke.swift */ = {isa = PBXFileReference; lastKnownFileType = sourcecode.swift; path = Joke.swift; sourceTree = "<group>"; };
		81671DCA29E9D5C200F5FB5B /* NetWorkService.swift */ = {isa = PBXFileReference; lastKnownFileType = sourcecode.swift; path = NetWorkService.swift; sourceTree = "<group>"; };
		81671DF229EECA0300F5FB5B /* db.sqlite */ = {isa = PBXFileReference; lastKnownFileType = file; path = db.sqlite; sourceTree = SOURCE_ROOT; };
		81671DF529EECB5A00F5FB5B /* AppDatabase.swift */ = {isa = PBXFileReference; lastKnownFileType = sourcecode.swift; path = AppDatabase.swift; sourceTree = "<group>"; };
		81671DF729EECD5D00F5FB5B /* FavouritesView.swift */ = {isa = PBXFileReference; lastKnownFileType = sourcecode.swift; path = FavouritesView.swift; sourceTree = "<group>"; };
/* End PBXFileReference section */

/* Begin PBXFrameworksBuildPhase section */
		81671DAF29E9D0AC00F5FB5B /* Frameworks */ = {
			isa = PBXFrameworksBuildPhase;
			buildActionMask = 2147483647;
			files = (
				81671DF129EEC7A200F5FB5B /* Blackbird in Frameworks */,
			);
			runOnlyForDeploymentPostprocessing = 0;
		};
/* End PBXFrameworksBuildPhase section */

/* Begin PBXGroup section */
		81671DA929E9D0AC00F5FB5B = {
			isa = PBXGroup;
			children = (
				81671DB429E9D0AC00F5FB5B /* Random Jokes */,
				81671DB329E9D0AC00F5FB5B /* Products */,
			);
			sourceTree = "<group>";
		};
		81671DB329E9D0AC00F5FB5B /* Products */ = {
			isa = PBXGroup;
			children = (
				81671DB229E9D0AC00F5FB5B /* Random Jokes.app */,
			);
			name = Products;
			sourceTree = "<group>";
		};
		81671DB429E9D0AC00F5FB5B /* Random Jokes */ = {
			isa = PBXGroup;
			children = (
				81671DB529E9D0AC00F5FB5B /* Random_JokesApp.swift */,
				81671DC629E9D4AF00F5FB5B /* Model */,
				81671DF429EECB2500F5FB5B /* Helpers */,
				81671DC929E9D5AB00F5FB5B /* Services */,
				81671DC529E9D1BD00F5FB5B /* Views */,
				81671DB929E9D0AE00F5FB5B /* Assets.xcassets */,
				81671DBB29E9D0AE00F5FB5B /* Preview Content */,
			);
			path = "Random Jokes";
			sourceTree = "<group>";
		};
		81671DBB29E9D0AE00F5FB5B /* Preview Content */ = {
			isa = PBXGroup;
			children = (
				81671DBC29E9D0AE00F5FB5B /* Preview Assets.xcassets */,
			);
			path = "Preview Content";
			sourceTree = "<group>";
		};
		81671DC529E9D1BD00F5FB5B /* Views */ = {
			isa = PBXGroup;
			children = (
				81671DC329E9D1B500F5FB5B /* JokeView.swift */,
				81671DF729EECD5D00F5FB5B /* FavouritesView.swift */,
			);
			path = Views;
			sourceTree = "<group>";
		};
		81671DC629E9D4AF00F5FB5B /* Model */ = {
			isa = PBXGroup;
			children = (
				81671DF229EECA0300F5FB5B /* db.sqlite */,
				81671DC729E9D4C000F5FB5B /* Joke.swift */,
			);
			path = Model;
			sourceTree = "<group>";
		};
		81671DC929E9D5AB00F5FB5B /* Services */ = {
			isa = PBXGroup;
			children = (
				81671DCA29E9D5C200F5FB5B /* NetWorkService.swift */,
			);
			path = Services;
			sourceTree = "<group>";
		};
		81671DF429EECB2500F5FB5B /* Helpers */ = {
			isa = PBXGroup;
			children = (
				81671DF529EECB5A00F5FB5B /* AppDatabase.swift */,
			);
			path = Helpers;
			sourceTree = "<group>";
		};
/* End PBXGroup section */

/* Begin PBXNativeTarget section */
		81671DB129E9D0AC00F5FB5B /* Random Jokes */ = {
			isa = PBXNativeTarget;
			buildConfigurationList = 81671DC029E9D0AE00F5FB5B /* Build configuration list for PBXNativeTarget "Random Jokes" */;
			buildPhases = (
				81671DAE29E9D0AC00F5FB5B /* Sources */,
				81671DAF29E9D0AC00F5FB5B /* Frameworks */,
				81671DB029E9D0AC00F5FB5B /* Resources */,
			);
			buildRules = (
			);
			dependencies = (
			);
			name = "Random Jokes";
			packageProductDependencies = (
				81671DF029EEC7A200F5FB5B /* Blackbird */,
			);
			productName = "Random Jokes";
			productReference = 81671DB229E9D0AC00F5FB5B /* Random Jokes.app */;
			productType = "com.apple.product-type.application";
		};
/* End PBXNativeTarget section */

/* Begin PBXProject section */
		81671DAA29E9D0AC00F5FB5B /* Project object */ = {
			isa = PBXProject;
			attributes = {
				BuildIndependentTargetsInParallel = 1;
				LastSwiftUpdateCheck = 1420;
				LastUpgradeCheck = 1420;
				TargetAttributes = {
					81671DB129E9D0AC00F5FB5B = {
						CreatedOnToolsVersion = 14.2;
					};
				};
			};
			buildConfigurationList = 81671DAD29E9D0AC00F5FB5B /* Build configuration list for PBXProject "Random Jokes" */;
			compatibilityVersion = "Xcode 14.0";
			developmentRegion = en;
			hasScannedForEncodings = 0;
			knownRegions = (
				en,
				Base,
			);
			mainGroup = 81671DA929E9D0AC00F5FB5B;
			packageReferences = (
				81671DEF29EEC7A200F5FB5B /* XCRemoteSwiftPackageReference "Blackbird" */,
			);
			productRefGroup = 81671DB329E9D0AC00F5FB5B /* Products */;
			projectDirPath = "";
			projectRoot = "";
			targets = (
				81671DB129E9D0AC00F5FB5B /* Random Jokes */,
			);
		};
/* End PBXProject section */

/* Begin PBXResourcesBuildPhase section */
		81671DB029E9D0AC00F5FB5B /* Resources */ = {
			isa = PBXResourcesBuildPhase;
			buildActionMask = 2147483647;
			files = (
				81671DBD29E9D0AE00F5FB5B /* Preview Assets.xcassets in Resources */,
				81671DF329EECA0300F5FB5B /* db.sqlite in Resources */,
				81671DBA29E9D0AE00F5FB5B /* Assets.xcassets in Resources */,
			);
			runOnlyForDeploymentPostprocessing = 0;
		};
/* End PBXResourcesBuildPhase section */

/* Begin PBXSourcesBuildPhase section */
		81671DAE29E9D0AC00F5FB5B /* Sources */ = {
			isa = PBXSourcesBuildPhase;
			buildActionMask = 2147483647;
			files = (
				81671DB629E9D0AC00F5FB5B /* Random_JokesApp.swift in Sources */,
				81671DC429E9D1B500F5FB5B /* JokeView.swift in Sources */,
				81671DCB29E9D5C200F5FB5B /* NetWorkService.swift in Sources */,
				81671DC829E9D4C000F5FB5B /* Joke.swift in Sources */,
				81671DF829EECD5D00F5FB5B /* FavouritesView.swift in Sources */,
				81671DF629EECB5A00F5FB5B /* AppDatabase.swift in Sources */,
			);
			runOnlyForDeploymentPostprocessing = 0;
		};
/* End PBXSourcesBuildPhase section */

/* Begin XCBuildConfiguration section */
		81671DBE29E9D0AE00F5FB5B /* Debug */ = {
			isa = XCBuildConfiguration;
			buildSettings = {
				ALWAYS_SEARCH_USER_PATHS = NO;
				CLANG_ANALYZER_NONNULL = YES;
				CLANG_ANALYZER_NUMBER_OBJECT_CONVERSION = YES_AGGRESSIVE;
				CLANG_CXX_LANGUAGE_STANDARD = "gnu++20";
				CLANG_ENABLE_MODULES = YES;
				CLANG_ENABLE_OBJC_ARC = YES;
				CLANG_ENABLE_OBJC_WEAK = YES;
				CLANG_WARN_BLOCK_CAPTURE_AUTORELEASING = YES;
				CLANG_WARN_BOOL_CONVERSION = YES;
				CLANG_WARN_COMMA = YES;
				CLANG_WARN_CONSTANT_CONVERSION = YES;
				CLANG_WARN_DEPRECATED_OBJC_IMPLEMENTATIONS = YES;
				CLANG_WARN_DIRECT_OBJC_ISA_USAGE = YES_ERROR;
				CLANG_WARN_DOCUMENTATION_COMMENTS = YES;
				CLANG_WARN_EMPTY_BODY = YES;
				CLANG_WARN_ENUM_CONVERSION = YES;
				CLANG_WARN_INFINITE_RECURSION = YES;
				CLANG_WARN_INT_CONVERSION = YES;
				CLANG_WARN_NON_LITERAL_NULL_CONVERSION = YES;
				CLANG_WARN_OBJC_IMPLICIT_RETAIN_SELF = YES;
				CLANG_WARN_OBJC_LITERAL_CONVERSION = YES;
				CLANG_WARN_OBJC_ROOT_CLASS = YES_ERROR;
				CLANG_WARN_QUOTED_INCLUDE_IN_FRAMEWORK_HEADER = YES;
				CLANG_WARN_RANGE_LOOP_ANALYSIS = YES;
				CLANG_WARN_STRICT_PROTOTYPES = YES;
				CLANG_WARN_SUSPICIOUS_MOVE = YES;
				CLANG_WARN_UNGUARDED_AVAILABILITY = YES_AGGRESSIVE;
				CLANG_WARN_UNREACHABLE_CODE = YES;
				CLANG_WARN__DUPLICATE_METHOD_MATCH = YES;
				COPY_PHASE_STRIP = NO;
				DEBUG_INFORMATION_FORMAT = dwarf;
				ENABLE_STRICT_OBJC_MSGSEND = YES;
				ENABLE_TESTABILITY = YES;
				GCC_C_LANGUAGE_STANDARD = gnu11;
				GCC_DYNAMIC_NO_PIC = NO;
				GCC_NO_COMMON_BLOCKS = YES;
				GCC_OPTIMIZATION_LEVEL = 0;
				GCC_PREPROCESSOR_DEFINITIONS = (
					"DEBUG=1",
					"$(inherited)",
				);
				GCC_WARN_64_TO_32_BIT_CONVERSION = YES;
				GCC_WARN_ABOUT_RETURN_TYPE = YES_ERROR;
				GCC_WARN_UNDECLARED_SELECTOR = YES;
				GCC_WARN_UNINITIALIZED_AUTOS = YES_AGGRESSIVE;
				GCC_WARN_UNUSED_FUNCTION = YES;
				GCC_WARN_UNUSED_VARIABLE = YES;
				IPHONEOS_DEPLOYMENT_TARGET = 16.2;
				MTL_ENABLE_DEBUG_INFO = INCLUDE_SOURCE;
				MTL_FAST_MATH = YES;
				ONLY_ACTIVE_ARCH = YES;
				SDKROOT = iphoneos;
				SWIFT_ACTIVE_COMPILATION_CONDITIONS = DEBUG;
				SWIFT_OPTIMIZATION_LEVEL = "-Onone";
			};
			name = Debug;
		};
		81671DBF29E9D0AE00F5FB5B /* Release */ = {
			isa = XCBuildConfiguration;
			buildSettings = {
				ALWAYS_SEARCH_USER_PATHS = NO;
				CLANG_ANALYZER_NONNULL = YES;
				CLANG_ANALYZER_NUMBER_OBJECT_CONVERSION = YES_AGGRESSIVE;
				CLANG_CXX_LANGUAGE_STANDARD = "gnu++20";
				CLANG_ENABLE_MODULES = YES;
				CLANG_ENABLE_OBJC_ARC = YES;
				CLANG_ENABLE_OBJC_WEAK = YES;
				CLANG_WARN_BLOCK_CAPTURE_AUTORELEASING = YES;
				CLANG_WARN_BOOL_CONVERSION = YES;
				CLANG_WARN_COMMA = YES;
				CLANG_WARN_CONSTANT_CONVERSION = YES;
				CLANG_WARN_DEPRECATED_OBJC_IMPLEMENTATIONS = YES;
				CLANG_WARN_DIRECT_OBJC_ISA_USAGE = YES_ERROR;
				CLANG_WARN_DOCUMENTATION_COMMENTS = YES;
				CLANG_WARN_EMPTY_BODY = YES;
				CLANG_WARN_ENUM_CONVERSION = YES;
				CLANG_WARN_INFINITE_RECURSION = YES;
				CLANG_WARN_INT_CONVERSION = YES;
				CLANG_WARN_NON_LITERAL_NULL_CONVERSION = YES;
				CLANG_WARN_OBJC_IMPLICIT_RETAIN_SELF = YES;
				CLANG_WARN_OBJC_LITERAL_CONVERSION = YES;
				CLANG_WARN_OBJC_ROOT_CLASS = YES_ERROR;
				CLANG_WARN_QUOTED_INCLUDE_IN_FRAMEWORK_HEADER = YES;
				CLANG_WARN_RANGE_LOOP_ANALYSIS = YES;
				CLANG_WARN_STRICT_PROTOTYPES = YES;
				CLANG_WARN_SUSPICIOUS_MOVE = YES;
				CLANG_WARN_UNGUARDED_AVAILABILITY = YES_AGGRESSIVE;
				CLANG_WARN_UNREACHABLE_CODE = YES;
				CLANG_WARN__DUPLICATE_METHOD_MATCH = YES;
				COPY_PHASE_STRIP = NO;
				DEBUG_INFORMATION_FORMAT = "dwarf-with-dsym";
				ENABLE_NS_ASSERTIONS = NO;
				ENABLE_STRICT_OBJC_MSGSEND = YES;
				GCC_C_LANGUAGE_STANDARD = gnu11;
				GCC_NO_COMMON_BLOCKS = YES;
				GCC_WARN_64_TO_32_BIT_CONVERSION = YES;
				GCC_WARN_ABOUT_RETURN_TYPE = YES_ERROR;
				GCC_WARN_UNDECLARED_SELECTOR = YES;
				GCC_WARN_UNINITIALIZED_AUTOS = YES_AGGRESSIVE;
				GCC_WARN_UNUSED_FUNCTION = YES;
				GCC_WARN_UNUSED_VARIABLE = YES;
				IPHONEOS_DEPLOYMENT_TARGET = 16.2;
				MTL_ENABLE_DEBUG_INFO = NO;
				MTL_FAST_MATH = YES;
				SDKROOT = iphoneos;
				SWIFT_COMPILATION_MODE = wholemodule;
				SWIFT_OPTIMIZATION_LEVEL = "-O";
				VALIDATE_PRODUCT = YES;
			};
			name = Release;
		};
		81671DC129E9D0AE00F5FB5B /* Debug */ = {
			isa = XCBuildConfiguration;
			buildSettings = {
				ASSETCATALOG_COMPILER_APPICON_NAME = AppIcon;
				ASSETCATALOG_COMPILER_GLOBAL_ACCENT_COLOR_NAME = AccentColor;
				CODE_SIGN_STYLE = Automatic;
				CURRENT_PROJECT_VERSION = 1;
				DEVELOPMENT_ASSET_PATHS = "\"Random Jokes/Preview Content\"";
				DEVELOPMENT_TEAM = GDCP8H77UD;
				ENABLE_PREVIEWS = YES;
				GENERATE_INFOPLIST_FILE = YES;
				INFOPLIST_KEY_UIApplicationSceneManifest_Generation = YES;
				INFOPLIST_KEY_UIApplicationSupportsIndirectInputEvents = YES;
				INFOPLIST_KEY_UILaunchScreen_Generation = YES;
				INFOPLIST_KEY_UISupportedInterfaceOrientations_iPad = "UIInterfaceOrientationPortrait UIInterfaceOrientationPortraitUpsideDown UIInterfaceOrientationLandscapeLeft UIInterfaceOrientationLandscapeRight";
				INFOPLIST_KEY_UISupportedInterfaceOrientations_iPhone = "UIInterfaceOrientationPortrait UIInterfaceOrientationLandscapeLeft UIInterfaceOrientationLandscapeRight";
				LD_RUNPATH_SEARCH_PATHS = (
					"$(inherited)",
					"@executable_path/Frameworks",
				);
				MARKETING_VERSION = 1.0;
				PRODUCT_BUNDLE_IDENTIFIER = "twu.Random-Jokes";
				PRODUCT_NAME = "$(TARGET_NAME)";
				SWIFT_EMIT_LOC_STRINGS = YES;
				SWIFT_VERSION = 5.0;
				TARGETED_DEVICE_FAMILY = "1,2";
			};
			name = Debug;
		};
		81671DC229E9D0AE00F5FB5B /* Release */ = {
			isa = XCBuildConfiguration;
			buildSettings = {
				ASSETCATALOG_COMPILER_APPICON_NAME = AppIcon;
				ASSETCATALOG_COMPILER_GLOBAL_ACCENT_COLOR_NAME = AccentColor;
				CODE_SIGN_STYLE = Automatic;
				CURRENT_PROJECT_VERSION = 1;
				DEVELOPMENT_ASSET_PATHS = "\"Random Jokes/Preview Content\"";
				DEVELOPMENT_TEAM = GDCP8H77UD;
				ENABLE_PREVIEWS = YES;
				GENERATE_INFOPLIST_FILE = YES;
				INFOPLIST_KEY_UIApplicationSceneManifest_Generation = YES;
				INFOPLIST_KEY_UIApplicationSupportsIndirectInputEvents = YES;
				INFOPLIST_KEY_UILaunchScreen_Generation = YES;
				INFOPLIST_KEY_UISupportedInterfaceOrientations_iPad = "UIInterfaceOrientationPortrait UIInterfaceOrientationPortraitUpsideDown UIInterfaceOrientationLandscapeLeft UIInterfaceOrientationLandscapeRight";
				INFOPLIST_KEY_UISupportedInterfaceOrientations_iPhone = "UIInterfaceOrientationPortrait UIInterfaceOrientationLandscapeLeft UIInterfaceOrientationLandscapeRight";
				LD_RUNPATH_SEARCH_PATHS = (
					"$(inherited)",
					"@executable_path/Frameworks",
				);
				MARKETING_VERSION = 1.0;
				PRODUCT_BUNDLE_IDENTIFIER = "twu.Random-Jokes";
				PRODUCT_NAME = "$(TARGET_NAME)";
				SWIFT_EMIT_LOC_STRINGS = YES;
				SWIFT_VERSION = 5.0;
				TARGETED_DEVICE_FAMILY = "1,2";
			};
			name = Release;
		};
/* End XCBuildConfiguration section */

/* Begin XCConfigurationList section */
		81671DAD29E9D0AC00F5FB5B /* Build configuration list for PBXProject "Random Jokes" */ = {
			isa = XCConfigurationList;
			buildConfigurations = (
				81671DBE29E9D0AE00F5FB5B /* Debug */,
				81671DBF29E9D0AE00F5FB5B /* Release */,
			);
			defaultConfigurationIsVisible = 0;
			defaultConfigurationName = Release;
		};
		81671DC029E9D0AE00F5FB5B /* Build configuration list for PBXNativeTarget "Random Jokes" */ = {
			isa = XCConfigurationList;
			buildConfigurations = (
				81671DC129E9D0AE00F5FB5B /* Debug */,
				81671DC229E9D0AE00F5FB5B /* Release */,
			);
			defaultConfigurationIsVisible = 0;
			defaultConfigurationName = Release;
		};
/* End XCConfigurationList section */

/* Begin XCRemoteSwiftPackageReference section */
		81671DEF29EEC7A200F5FB5B /* XCRemoteSwiftPackageReference "Blackbird" */ = {
			isa = XCRemoteSwiftPackageReference;
			repositoryURL = "https://github.com/marcoarment/Blackbird";
			requirement = {
				branch = main;
				kind = branch;
			};
		};
/* End XCRemoteSwiftPackageReference section */

/* Begin XCSwiftPackageProductDependency section */
		81671DF029EEC7A200F5FB5B /* Blackbird */ = {
			isa = XCSwiftPackageProductDependency;
			package = 81671DEF29EEC7A200F5FB5B /* XCRemoteSwiftPackageReference "Blackbird" */;
			productName = Blackbird;
		};
/* End XCSwiftPackageProductDependency section */
	};
	rootObject = 81671DAA29E9D0AC00F5FB5B /* Project object */;
}
